
Microsoft Visual Studio Solution File, Format Version 12.00
# Visual Studio Version 17
VisualStudioVersion = 17.11.35208.52
MinimumVisualStudioVersion = 10.0.40219.1
Project("{FAE04EC0-301F-11D3-BF4B-00C04F79EFBC}") = "MedSys", "MedSys\MedSys.csproj", "{8DD538C6-5554-48DC-ABCB-1D14F8B60F22}"
EndProject
Global
	GlobalSection(SolutionConfigurationPlatforms) = preSolution
		Debug|Any CPU = Debug|Any CPU
		Release|Any CPU = Release|Any CPU
	EndGlobalSection
	GlobalSection(ProjectConfigurationPlatforms) = postSolution
		{8DD538C6-5554-48DC-ABCB-1D14F8B60F22}.Debug|Any CPU.ActiveCfg = Debug|Any CPU
		{8DD538C6-5554-48DC-ABCB-1D14F8B60F22}.Debug|Any CPU.Build.0 = Debug|Any CPU
		{8DD538C6-5554-48DC-ABCB-1D14F8B60F22}.Release|Any CPU.ActiveCfg = Release|Any CPU
		{8DD538C6-5554-48DC-ABCB-1D14F8B60F22}.Release|Any CPU.Build.0 = Release|Any CPU
	EndGlobalSection
	GlobalSection(SolutionProperties) = preSolution
		HideSolutionNode = FALSE
	EndGlobalSection
	GlobalSection(ExtensibilityGlobals) = postSolution
		SolutionGuid = {1AD38745-E513-46E3-9DB7-DF0908C7ABF7}
	EndGlobalSection
EndGlobal
